
Microsoft Visual Studio Solution File, Format Version 12.00
# Visual Studio Version 16
VisualStudioVersion = 16.0.30406.217
MinimumVisualStudioVersion = 10.0.40219.1
Project("{FAE04EC0-301F-11D3-BF4B-00C04F79EFBC}") = "FormsInWindow", "FormsInWindow.csproj", "{B06D5152-AB61-4705-AD68-68A3361663C9}"
EndProject
Global
	GlobalSection(SolutionConfigurationPlatforms) = preSolution
		Debug|Any CPU = Debug|Any CPU
		Release|Any CPU = Release|Any CPU
	EndGlobalSection
	GlobalSection(ProjectConfigurationPlatforms) = postSolution
		{B06D5152-AB61-4705-AD68-68A3361663C9}.Debug|Any CPU.ActiveCfg = Debug|Any CPU
		{B06D5152-AB61-4705-AD68-68A3361663C9}.Debug|Any CPU.Build.0 = Debug|Any CPU
		{B06D5152-AB61-4705-AD68-68A3361663C9}.Release|Any CPU.ActiveCfg = Release|Any CPU
		{B06D5152-AB61-4705-AD68-68A3361663C9}.Release|Any CPU.Build.0 = Release|Any CPU
	EndGlobalSection
	GlobalSection(SolutionProperties) = preSolution
		HideSolutionNode = FALSE
	EndGlobalSection
	GlobalSection(ExtensibilityGlobals) = postSolution
		SolutionGuid = {7BCEDF2E-91E7-4E33-8DB2-AC3C3F964A1C}
	EndGlobalSection
EndGlobal
